
Microsoft Visual Studio Solution File, Format Version 12.00
# Visual Studio Version 17
VisualStudioVersion = 17.5.002.0
MinimumVisualStudioVersion = 10.0.40219.1
Project("{9A19103F-16F7-4668-BE54-9A1E7A4F7556}") = "dia13", "dia13.csproj", "{F7D2210D-066E-4FD3-AB81-0F004598BCAF}"
EndProject
Global
	GlobalSection(SolutionConfigurationPlatforms) = preSolution
		Debug|Any CPU = Debug|Any CPU
		Release|Any CPU = Release|Any CPU
	EndGlobalSection
	GlobalSection(ProjectConfigurationPlatforms) = postSolution
		{F7D2210D-066E-4FD3-AB81-0F004598BCAF}.Debug|Any CPU.ActiveCfg = Debug|Any CPU
		{F7D2210D-066E-4FD3-AB81-0F004598BCAF}.Debug|Any CPU.Build.0 = Debug|Any CPU
		{F7D2210D-066E-4FD3-AB81-0F004598BCAF}.Release|Any CPU.ActiveCfg = Release|Any CPU
		{F7D2210D-066E-4FD3-AB81-0F004598BCAF}.Release|Any CPU.Build.0 = Release|Any CPU
	EndGlobalSection
	GlobalSection(SolutionProperties) = preSolution
		HideSolutionNode = FALSE
	EndGlobalSection
	GlobalSection(ExtensibilityGlobals) = postSolution
		SolutionGuid = {A95772B6-55DF-4792-B64F-996652F61D04}
	EndGlobalSection
EndGlobal
