
Microsoft Visual Studio Solution File, Format Version 12.00
# Visual Studio Version 17
VisualStudioVersion = 17.5.002.0
MinimumVisualStudioVersion = 10.0.40219.1
Project("{9A19103F-16F7-4668-BE54-9A1E7A4F7556}") = "dia6", "dia6.csproj", "{2E2D1394-4A84-43DE-B158-CAFED220FBCD}"
EndProject
Global
	GlobalSection(SolutionConfigurationPlatforms) = preSolution
		Debug|Any CPU = Debug|Any CPU
		Release|Any CPU = Release|Any CPU
	EndGlobalSection
	GlobalSection(ProjectConfigurationPlatforms) = postSolution
		{2E2D1394-4A84-43DE-B158-CAFED220FBCD}.Debug|Any CPU.ActiveCfg = Debug|Any CPU
		{2E2D1394-4A84-43DE-B158-CAFED220FBCD}.Debug|Any CPU.Build.0 = Debug|Any CPU
		{2E2D1394-4A84-43DE-B158-CAFED220FBCD}.Release|Any CPU.ActiveCfg = Release|Any CPU
		{2E2D1394-4A84-43DE-B158-CAFED220FBCD}.Release|Any CPU.Build.0 = Release|Any CPU
	EndGlobalSection
	GlobalSection(SolutionProperties) = preSolution
		HideSolutionNode = FALSE
	EndGlobalSection
	GlobalSection(ExtensibilityGlobals) = postSolution
		SolutionGuid = {0DD0DBFA-B474-4FE9-AEAE-28EAFB947DDA}
	EndGlobalSection
EndGlobal
